
Microsoft Visual Studio Solution File, Format Version 12.00
# Visual Studio Version 17
VisualStudioVersion = 17.8.34511.84
MinimumVisualStudioVersion = 10.0.40219.1
Project("{9A19103F-16F7-4668-BE54-9A1E7A4F7556}") = "BulkyWeb", "BulkyWeb\BulkyWeb.csproj", "{0B0BE5AC-4E08-4F03-95EA-24BB52D6D10D}"
EndProject
Project("{FAE04EC0-301F-11D3-BF4B-00C04F79EFBC}") = "Bulky.DataAccess", "Bulky.DataAccess\Bulky.DataAccess.csproj", "{A38EFB5B-CE29-42FE-AA08-5BF881853241}"
EndProject
Project("{FAE04EC0-301F-11D3-BF4B-00C04F79EFBC}") = "Bulky.Models", "Bulky.Models\Bulky.Models.csproj", "{6D228103-809B-4A33-904A-6F1ABE2152AE}"
EndProject
Project("{FAE04EC0-301F-11D3-BF4B-00C04F79EFBC}") = "Bulky.Utility", "Bulky.Utility\Bulky.Utility.csproj", "{C1B65A0B-BDE6-418C-959C-A554E4BA5C4F}"
EndProject
Global
	GlobalSection(SolutionConfigurationPlatforms) = preSolution
		Debug|Any CPU = Debug|Any CPU
		Release|Any CPU = Release|Any CPU
	EndGlobalSection
	GlobalSection(ProjectConfigurationPlatforms) = postSolution
		{0B0BE5AC-4E08-4F03-95EA-24BB52D6D10D}.Debug|Any CPU.ActiveCfg = Debug|Any CPU
		{0B0BE5AC-4E08-4F03-95EA-24BB52D6D10D}.Debug|Any CPU.Build.0 = Debug|Any CPU
		{0B0BE5AC-4E08-4F03-95EA-24BB52D6D10D}.Release|Any CPU.ActiveCfg = Release|Any CPU
		{0B0BE5AC-4E08-4F03-95EA-24BB52D6D10D}.Release|Any CPU.Build.0 = Release|Any CPU
		{A38EFB5B-CE29-42FE-AA08-5BF881853241}.Debug|Any CPU.ActiveCfg = Debug|Any CPU
		{A38EFB5B-CE29-42FE-AA08-5BF881853241}.Debug|Any CPU.Build.0 = Debug|Any CPU
		{A38EFB5B-CE29-42FE-AA08-5BF881853241}.Release|Any CPU.ActiveCfg = Release|Any CPU
		{A38EFB5B-CE29-42FE-AA08-5BF881853241}.Release|Any CPU.Build.0 = Release|Any CPU
		{6D228103-809B-4A33-904A-6F1ABE2152AE}.Debug|Any CPU.ActiveCfg = Debug|Any CPU
		{6D228103-809B-4A33-904A-6F1ABE2152AE}.Debug|Any CPU.Build.0 = Debug|Any CPU
		{6D228103-809B-4A33-904A-6F1ABE2152AE}.Release|Any CPU.ActiveCfg = Release|Any CPU
		{6D228103-809B-4A33-904A-6F1ABE2152AE}.Release|Any CPU.Build.0 = Release|Any CPU
		{C1B65A0B-BDE6-418C-959C-A554E4BA5C4F}.Debug|Any CPU.ActiveCfg = Debug|Any CPU
		{C1B65A0B-BDE6-418C-959C-A554E4BA5C4F}.Debug|Any CPU.Build.0 = Debug|Any CPU
		{C1B65A0B-BDE6-418C-959C-A554E4BA5C4F}.Release|Any CPU.ActiveCfg = Release|Any CPU
		{C1B65A0B-BDE6-418C-959C-A554E4BA5C4F}.Release|Any CPU.Build.0 = Release|Any CPU
	EndGlobalSection
	GlobalSection(SolutionProperties) = preSolution
		HideSolutionNode = FALSE
	EndGlobalSection
	GlobalSection(ExtensibilityGlobals) = postSolution
		SolutionGuid = {6B0D75A4-6FFA-465E-82C8-8DCAD99D8E54}
	EndGlobalSection
EndGlobal
